PODS:
  - AFNetworking (3.2.1):
    - AFNetworking/NSURLSession (= 3.2.1)
    - AFNetworking/Reachability (= 3.2.1)
    - AFNetworking/Security (= 3.2.1)
    - AFNetworking/Serialization (= 3.2.1)
    - AFNetworking/UIKit (= 3.2.1)
  - AFNetworking/NSURLSession (3.2.1):
    - AFNetworking/Reachability
    - AFNetworking/Security
    - AFNetworking/Serialization
  - AFNetworking/Reachability (3.2.1)
  - AFNetworking/Security (3.2.1)
  - AFNetworking/Serialization (3.2.1)
  - AFNetworking/UIKit (3.2.1):
    - AFNetworking/NSURLSession
  - Capacitor (1.0.0-alpha.37):
    - CapacitorCordova (= 1.0.0-alpha.37)
    - GCDWebServer (~> 3.0)
  - CapacitorCordova (1.0.0-alpha.37)
  - CapacitorDownloader (0.0.2):
    - AFNetworking
    - Capacitor
  - GCDWebServer (3.4.2):
    - GCDWebServer/Core (= 3.4.2)
  - GCDWebServer/Core (3.4.2)

DEPENDENCIES:
  - "Capacitor (from `../../node_modules/@capacitor/ios`)"
  - "CapacitorCordova (from `../../node_modules/@capacitor/ios`)"
  - CapacitorDownloader (from `../../node_modules/capacitor-downloader`)

SPEC REPOS:
  https://github.com/cocoapods/specs.git:
    - AFNetworking
    - GCDWebServer

EXTERNAL SOURCES:
  Capacitor:
    :path: "../../node_modules/@capacitor/ios"
  CapacitorCordova:
    :path: "../../node_modules/@capacitor/ios"
  CapacitorDownloader:
    :path: "../../node_modules/capacitor-downloader"

SPEC CHECKSUMS:
  AFNetworking: b6f891fdfaed196b46c7a83cf209e09697b94057
  Capacitor: ce8af0f1eae98be282b4bb5ece2070ed380be299
  CapacitorCordova: 649a44b6c61dd977b866de75adb667ac846f65b9
  CapacitorDownloader: 6970e9cb1381532a9190205b90428a97099615b0
  GCDWebServer: 8d67ee9f634b4bb91eb4b8aee440318a5fc6debd

PODFILE CHECKSUM: c6b10443c1f4ee7ff166a976a3363f6681ef16f9

COCOAPODS: 1.5.3
