PODS:
  - Alamofire (4.7.2)
  - Capacitor (1.0.0-alpha.37):
    - CapacitorCordova (= 1.0.0-alpha.37)
    - GCDWebServer (~> 3.0)
  - CapacitorCordova (1.0.0-alpha.37)
  - CapacitorDownloader (0.0.9):
    - Alamofire (~> 4.7)
    - Capacitor
  - GCDWebServer (3.4.2):
    - GCDWebServer/Core (= 3.4.2)
  - GCDWebServer/Core (3.4.2)

DEPENDENCIES:
  - "Capacitor (from `../../node_modules/@capacitor/ios`)"
  - "CapacitorCordova (from `../../node_modules/@capacitor/ios`)"
  - CapacitorDownloader (from `../../node_modules/capacitor-downloader`)

SPEC REPOS:
  https://github.com/cocoapods/specs.git:
    - Alamofire
    - GCDWebServer

EXTERNAL SOURCES:
  Capacitor:
    :path: "../../node_modules/@capacitor/ios"
  CapacitorCordova:
    :path: "../../node_modules/@capacitor/ios"
  CapacitorDownloader:
    :path: "../../node_modules/capacitor-downloader"

SPEC CHECKSUMS:
  Alamofire: e4fa87002c137ba2d8d634d2c51fabcda0d5c223
  Capacitor: ce8af0f1eae98be282b4bb5ece2070ed380be299
  CapacitorCordova: 649a44b6c61dd977b866de75adb667ac846f65b9
  CapacitorDownloader: cf4993cfd01d37c2b2a3fd0604f8ae661545bda1
  GCDWebServer: 8d67ee9f634b4bb91eb4b8aee440318a5fc6debd

PODFILE CHECKSUM: c6b10443c1f4ee7ff166a976a3363f6681ef16f9

COCOAPODS: 1.5.3
