PODS:
  - Alamofire (4.7.2)
  - Capacitor (0.0.113):
    - CapacitorCordova (= 0.0.113)
    - GCDWebServer (~> 3.0)
  - CapacitorCordova (0.0.113)
  - GCDWebServer (3.4.2):
    - GCDWebServer/Core (= 3.4.2)
  - GCDWebServer/Core (3.4.2)

DEPENDENCIES:
  - Alamofire (~> 4.7)
  - Capacitor

SPEC REPOS:
  https://github.com/cocoapods/specs.git:
    - Alamofire
    - Capacitor
    - CapacitorCordova
    - GCDWebServer

SPEC CHECKSUMS:
  Alamofire: e4fa87002c137ba2d8d634d2c51fabcda0d5c223
  Capacitor: b37060b0b2685257bedbc69e49a54a74ef30fb9a
  CapacitorCordova: a923a32bc7ad5f1f3d69664ca86ff69580343ed3
  GCDWebServer: 8d67ee9f634b4bb91eb4b8aee440318a5fc6debd

PODFILE CHECKSUM: fa62034e8bd94b447d60dadf85c2e9585ab604da

COCOAPODS: 1.5.3
